
Microsoft Visual Studio Solution File, Format Version 12.00
# Visual Studio 15
VisualStudioVersion = 15.0.28010.2036
MinimumVisualStudioVersion = 10.0.40219.1
Project("{FAE04EC0-301F-11D3-BF4B-00C04F79EFBC}") = "AdoShortener", "AdoShortener\AdoShortener.csproj", "{92E79BE8-7B36-4BCF-BA9E-99D2DA0112A5}"
EndProject
Global
	GlobalSection(SolutionConfigurationPlatforms) = preSolution
		Debug|Any CPU = Debug|Any CPU
		Release|Any CPU = Release|Any CPU
	EndGlobalSection
	GlobalSection(ProjectConfigurationPlatforms) = postSolution
		{92E79BE8-7B36-4BCF-BA9E-99D2DA0112A5}.Debug|Any CPU.ActiveCfg = Debug|Any CPU
		{92E79BE8-7B36-4BCF-BA9E-99D2DA0112A5}.Debug|Any CPU.Build.0 = Debug|Any CPU
		{92E79BE8-7B36-4BCF-BA9E-99D2DA0112A5}.Release|Any CPU.ActiveCfg = Release|Any CPU
		{92E79BE8-7B36-4BCF-BA9E-99D2DA0112A5}.Release|Any CPU.Build.0 = Release|Any CPU
	EndGlobalSection
	GlobalSection(SolutionProperties) = preSolution
		HideSolutionNode = FALSE
	EndGlobalSection
	GlobalSection(ExtensibilityGlobals) = postSolution
		SolutionGuid = {A6EE2C7C-717A-4961-BED3-AFB87A29D655}
	EndGlobalSection
EndGlobal
